
Microsoft Visual Studio Solution File, Format Version 12.00
# Visual Studio Version 16
VisualStudioVersion = 16.0.30406.217
MinimumVisualStudioVersion = 10.0.40219.1
Project("{9A19103F-16F7-4668-BE54-9A1E7A4F7556}") = "Sinder", "Sinder.csproj", "{4FBF788F-A958-4ECC-9462-2B5E7023E861}"
EndProject
Global
	GlobalSection(SolutionConfigurationPlatforms) = preSolution
		Debug|Any CPU = Debug|Any CPU
		Release|Any CPU = Release|Any CPU
	EndGlobalSection
	GlobalSection(ProjectConfigurationPlatforms) = postSolution
		{4FBF788F-A958-4ECC-9462-2B5E7023E861}.Debug|Any CPU.ActiveCfg = Debug|Any CPU
		{4FBF788F-A958-4ECC-9462-2B5E7023E861}.Debug|Any CPU.Build.0 = Debug|Any CPU
		{4FBF788F-A958-4ECC-9462-2B5E7023E861}.Release|Any CPU.ActiveCfg = Release|Any CPU
		{4FBF788F-A958-4ECC-9462-2B5E7023E861}.Release|Any CPU.Build.0 = Release|Any CPU
	EndGlobalSection
	GlobalSection(SolutionProperties) = preSolution
		HideSolutionNode = FALSE
	EndGlobalSection
	GlobalSection(ExtensibilityGlobals) = postSolution
		SolutionGuid = {15534FE7-0D26-452B-A144-09E09FCC24D9}
	EndGlobalSection
EndGlobal
